// !$*UTF8*$!
{
	archiveVersion = 1;
	classes = {
	};
	objectVersion = 56;
	objects = {

/* Begin PBXBuildFile section */
		51A3C1F62A3C7B0100E3ABAB /* AppDelegate.m in Sources */ = {isa = PBXBuildFile; fileRef = 51A3C1F52A3C7B0100E3ABAB /* AppDelegate.m */; };
		51A3C1F92A3C7B0100E3ABAB /* ViewController.m in Sources */ = {isa = PBXBuildFile; fileRef = 51A3C1F82A3C7B0100E3ABAB /* ViewController.m */; };
		51A3C1FB2A3C7B0200E3ABAB /* Assets.xcassets in Resources */ = {isa = PBXBuildFile; fileRef = 51A3C1FA2A3C7B0200E3ABAB /* Assets.xcassets */; };
		51A3C1FE2A3C7B0200E3ABAB /* Main.storyboard in Resources */ = {isa = PBXBuildFile; fileRef = 51A3C1FC2A3C7B0200E3ABAB /* Main.storyboard */; };
		51A3C2002A3C7B0200E3ABAB /* main.m in Sources */ = {isa = PBXBuildFile; fileRef = 51A3C1FF2A3C7B0200E3ABAB /* main.m */; };
		51A3C20B2A3C7B0200E3ABAB /* WKWebViewTests.m in Sources */ = {isa = PBXBuildFile; fileRef = 51A3C20A2A3C7B0200E3ABAB /* WKWebViewTests.m */; };
		51A3C2152A3C7B0200E3ABAB /* WKWebViewUITests.m in Sources */ = {isa = PBXBuildFile; fileRef = 51A3C2142A3C7B0200E3ABAB /* WKWebViewUITests.m */; };
		51A3C2172A3C7B0200E3ABAB /* WKWebViewUITestsLaunchTests.m in Sources */ = {isa = PBXBuildFile; fileRef = 51A3C2162A3C7B0200E3ABAB /* WKWebViewUITestsLaunchTests.m */; };
/* End PBXBuildFile section */

/* Begin PBXContainerItemProxy section */
		51A3C2072A3C7B0200E3ABAB /* PBXContainerItemProxy */ = {
			isa = PBXContainerItemProxy;
			containerPortal = 51A3C1E92A3C7B0100E3ABAB /* Project object */;
			proxyType = 1;
			remoteGlobalIDString = 51A3C1F02A3C7B0100E3ABAB;
			remoteInfo = WKWebView;
		};
		51A3C2112A3C7B0200E3ABAB /* PBXContainerItemProxy */ = {
			isa = PBXContainerItemProxy;
			containerPortal = 51A3C1E92A3C7B0100E3ABAB /* Project object */;
			proxyType = 1;
			remoteGlobalIDString = 51A3C1F02A3C7B0100E3ABAB;
			remoteInfo = WKWebView;
		};
/* End PBXContainerItemProxy section */

/* Begin PBXFileReference section */
		51A3C1F12A3C7B0100E3ABAB /* WKWebView.app */ = {isa = PBXFileReference; explicitFileType = wrapper.application; includeInIndex = 0; path = WKWebView.app; sourceTree = BUILT_PRODUCTS_DIR; };
		51A3C1F42A3C7B0100E3ABAB /* AppDelegate.h */ = {isa = PBXFileReference; lastKnownFileType = sourcecode.c.h; path = AppDelegate.h; sourceTree = "<group>"; };
		51A3C1F52A3C7B0100E3ABAB /* AppDelegate.m */ = {isa = PBXFileReference; lastKnownFileType = sourcecode.c.objc; path = AppDelegate.m; sourceTree = "<group>"; };
		51A3C1F72A3C7B0100E3ABAB /* ViewController.h */ = {isa = PBXFileReference; lastKnownFileType = sourcecode.c.h; path = ViewController.h; sourceTree = "<group>"; };
		51A3C1F82A3C7B0100E3ABAB /* ViewController.m */ = {isa = PBXFileReference; lastKnownFileType = sourcecode.c.objc; path = ViewController.m; sourceTree = "<group>"; };
		51A3C1FA2A3C7B0200E3ABAB /* Assets.xcassets */ = {isa = PBXFileReference; lastKnownFileType = folder.assetcatalog; path = Assets.xcassets; sourceTree = "<group>"; };
		51A3C1FD2A3C7B0200E3ABAB /* Base */ = {isa = PBXFileReference; lastKnownFileType = file.storyboard; name = Base; path = Base.lproj/Main.storyboard; sourceTree = "<group>"; };
		51A3C1FF2A3C7B0200E3ABAB /* main.m */ = {isa = PBXFileReference; lastKnownFileType = sourcecode.c.objc; path = main.m; sourceTree = "<group>"; };
		51A3C2012A3C7B0200E3ABAB /* WKWebView.entitlements */ = {isa = PBXFileReference; lastKnownFileType = text.plist.entitlements; path = WKWebView.entitlements; sourceTree = "<group>"; };
		51A3C2062A3C7B0200E3ABAB /* WKWebViewTests.xctest */ = {isa = PBXFileReference; explicitFileType = wrapper.cfbundle; includeInIndex = 0; path = WKWebViewTests.xctest; sourceTree = BUILT_PRODUCTS_DIR; };
		51A3C20A2A3C7B0200E3ABAB /* WKWebViewTests.m */ = {isa = PBXFileReference; lastKnownFileType = sourcecode.c.objc; path = WKWebViewTests.m; sourceTree = "<group>"; };
		51A3C2102A3C7B0200E3ABAB /* WKWebViewUITests.xctest */ = {isa = PBXFileReference; explicitFileType = wrapper.cfbundle; includeInIndex = 0; path = WKWebViewUITests.xctest; sourceTree = BUILT_PRODUCTS_DIR; };
		51A3C2142A3C7B0200E3ABAB /* WKWebViewUITests.m */ = {isa = PBXFileReference; lastKnownFileType = sourcecode.c.objc; path = WKWebViewUITests.m; sourceTree = "<group>"; };
		51A3C2162A3C7B0200E3ABAB /* WKWebViewUITestsLaunchTests.m */ = {isa = PBXFileReference; lastKnownFileType = sourcecode.c.objc; path = WKWebViewUITestsLaunchTests.m; sourceTree = "<group>"; };
/* End PBXFileReference section */

/* Begin PBXFrameworksBuildPhase section */
		51A3C1EE2A3C7B0100E3ABAB /* Frameworks */ = {
			isa = PBXFrameworksBuildPhase;
			buildActionMask = 2147483647;
			files = (
			);
			runOnlyForDeploymentPostprocessing = 0;
		};
		51A3C2032A3C7B0200E3ABAB /* Frameworks */ = {
			isa = PBXFrameworksBuildPhase;
			buildActionMask = 2147483647;
			files = (
			);
			runOnlyForDeploymentPostprocessing = 0;
		};
		51A3C20D2A3C7B0200E3ABAB /* Frameworks */ = {
			isa = PBXFrameworksBuildPhase;
			buildActionMask = 2147483647;
			files = (
			);
			runOnlyForDeploymentPostprocessing = 0;
		};
/* End PBXFrameworksBuildPhase section */

/* Begin PBXGroup section */
		51A3C1E82A3C7B0100E3ABAB = {
			isa = PBXGroup;
			children = (
				51A3C1F32A3C7B0100E3ABAB /* WKWebView */,
				51A3C2092A3C7B0200E3ABAB /* WKWebViewTests */,
				51A3C2132A3C7B0200E3ABAB /* WKWebViewUITests */,
				51A3C1F22A3C7B0100E3ABAB /* Products */,
			);
			sourceTree = "<group>";
		};
		51A3C1F22A3C7B0100E3ABAB /* Products */ = {
			isa = PBXGroup;
			children = (
				51A3C1F12A3C7B0100E3ABAB /* WKWebView.app */,
				51A3C2062A3C7B0200E3ABAB /* WKWebViewTests.xctest */,
				51A3C2102A3C7B0200E3ABAB /* WKWebViewUITests.xctest */,
			);
			name = Products;
			sourceTree = "<group>";
		};
		51A3C1F32A3C7B0100E3ABAB /* WKWebView */ = {
			isa = PBXGroup;
			children = (
				51A3C1F42A3C7B0100E3ABAB /* AppDelegate.h */,
				51A3C1F52A3C7B0100E3ABAB /* AppDelegate.m */,
				51A3C1F72A3C7B0100E3ABAB /* ViewController.h */,
				51A3C1F82A3C7B0100E3ABAB /* ViewController.m */,
				51A3C1FA2A3C7B0200E3ABAB /* Assets.xcassets */,
				51A3C1FC2A3C7B0200E3ABAB /* Main.storyboard */,
				51A3C1FF2A3C7B0200E3ABAB /* main.m */,
				51A3C2012A3C7B0200E3ABAB /* WKWebView.entitlements */,
			);
			path = WKWebView;
			sourceTree = "<group>";
		};
		51A3C2092A3C7B0200E3ABAB /* WKWebViewTests */ = {
			isa = PBXGroup;
			children = (
				51A3C20A2A3C7B0200E3ABAB /* WKWebViewTests.m */,
			);
			path = WKWebViewTests;
			sourceTree = "<group>";
		};
		51A3C2132A3C7B0200E3ABAB /* WKWebViewUITests */ = {
			isa = PBXGroup;
			children = (
				51A3C2142A3C7B0200E3ABAB /* WKWebViewUITests.m */,
				51A3C2162A3C7B0200E3ABAB /* WKWebViewUITestsLaunchTests.m */,
			);
			path = WKWebViewUITests;
			sourceTree = "<group>";
		};
/* End PBXGroup section */

/* Begin PBXNativeTarget section */
		51A3C1F02A3C7B0100E3ABAB /* WKWebView */ = {
			isa = PBXNativeTarget;
			buildConfigurationList = 51A3C21A2A3C7B0200E3ABAB /* Build configuration list for PBXNativeTarget "WKWebView" */;
			buildPhases = (
				51A3C1ED2A3C7B0100E3ABAB /* Sources */,
				51A3C1EE2A3C7B0100E3ABAB /* Frameworks */,
				51A3C1EF2A3C7B0100E3ABAB /* Resources */,
			);
			buildRules = (
			);
			dependencies = (
			);
			name = WKWebView;
			productName = WKWebView;
			productReference = 51A3C1F12A3C7B0100E3ABAB /* WKWebView.app */;
			productType = "com.apple.product-type.application";
		};
		51A3C2052A3C7B0200E3ABAB /* WKWebViewTests */ = {
			isa = PBXNativeTarget;
			buildConfigurationList = 51A3C21D2A3C7B0200E3ABAB /* Build configuration list for PBXNativeTarget "WKWebViewTests" */;
			buildPhases = (
				51A3C2022A3C7B0200E3ABAB /* Sources */,
				51A3C2032A3C7B0200E3ABAB /* Frameworks */,
				51A3C2042A3C7B0200E3ABAB /* Resources */,
			);
			buildRules = (
			);
			dependencies = (
				51A3C2082A3C7B0200E3ABAB /* PBXTargetDependency */,
			);
			name = WKWebViewTests;
			productName = WKWebViewTests;
			productReference = 51A3C2062A3C7B0200E3ABAB /* WKWebViewTests.xctest */;
			productType = "com.apple.product-type.bundle.unit-test";
		};
		51A3C20F2A3C7B0200E3ABAB /* WKWebViewUITests */ = {
			isa = PBXNativeTarget;
			buildConfigurationList = 51A3C2202A3C7B0200E3ABAB /* Build configuration list for PBXNativeTarget "WKWebViewUITests" */;
			buildPhases = (
				51A3C20C2A3C7B0200E3ABAB /* Sources */,
				51A3C20D2A3C7B0200E3ABAB /* Frameworks */,
				51A3C20E2A3C7B0200E3ABAB /* Resources */,
			);
			buildRules = (
			);
			dependencies = (
				51A3C2122A3C7B0200E3ABAB /* PBXTargetDependency */,
			);
			name = WKWebViewUITests;
			productName = WKWebViewUITests;
			productReference = 51A3C2102A3C7B0200E3ABAB /* WKWebViewUITests.xctest */;
			productType = "com.apple.product-type.bundle.ui-testing";
		};
/* End PBXNativeTarget section */

/* Begin PBXProject section */
		51A3C1E92A3C7B0100E3ABAB /* Project object */ = {
			isa = PBXProject;
			attributes = {
				BuildIndependentTargetsInParallel = 1;
				LastUpgradeCheck = 1430;
				TargetAttributes = {
					51A3C1F02A3C7B0100E3ABAB = {
						CreatedOnToolsVersion = 14.3.1;
					};
					51A3C2052A3C7B0200E3ABAB = {
						CreatedOnToolsVersion = 14.3.1;
						TestTargetID = 51A3C1F02A3C7B0100E3ABAB;
					};
					51A3C20F2A3C7B0200E3ABAB = {
						CreatedOnToolsVersion = 14.3.1;
						TestTargetID = 51A3C1F02A3C7B0100E3ABAB;
					};
				};
			};
			buildConfigurationList = 51A3C1EC2A3C7B0100E3ABAB /* Build configuration list for PBXProject "WKWebView" */;
			compatibilityVersion = "Xcode 14.0";
			developmentRegion = en;
			hasScannedForEncodings = 0;
			knownRegions = (
				en,
				Base,
			);
			mainGroup = 51A3C1E82A3C7B0100E3ABAB;
			productRefGroup = 51A3C1F22A3C7B0100E3ABAB /* Products */;
			projectDirPath = "";
			projectRoot = "";
			targets = (
				51A3C1F02A3C7B0100E3ABAB /* WKWebView */,
				51A3C2052A3C7B0200E3ABAB /* WKWebViewTests */,
				51A3C20F2A3C7B0200E3ABAB /* WKWebViewUITests */,
			);
		};
/* End PBXProject section */

/* Begin PBXResourcesBuildPhase section */
		51A3C1EF2A3C7B0100E3ABAB /* Resources */ = {
			isa = PBXResourcesBuildPhase;
			buildActionMask = 2147483647;
			files = (
				51A3C1FB2A3C7B0200E3ABAB /* Assets.xcassets in Resources */,
				51A3C1FE2A3C7B0200E3ABAB /* Main.storyboard in Resources */,
			);
			runOnlyForDeploymentPostprocessing = 0;
		};
		51A3C2042A3C7B0200E3ABAB /* Resources */ = {
			isa = PBXResourcesBuildPhase;
			buildActionMask = 2147483647;
			files = (
			);
			runOnlyForDeploymentPostprocessing = 0;
		};
		51A3C20E2A3C7B0200E3ABAB /* Resources */ = {
			isa = PBXResourcesBuildPhase;
			buildActionMask = 2147483647;
			files = (
			);
			runOnlyForDeploymentPostprocessing = 0;
		};
/* End PBXResourcesBuildPhase section */

/* Begin PBXSourcesBuildPhase section */
		51A3C1ED2A3C7B0100E3ABAB /* Sources */ = {
			isa = PBXSourcesBuildPhase;
			buildActionMask = 2147483647;
			files = (
				51A3C1F92A3C7B0100E3ABAB /* ViewController.m in Sources */,
				51A3C2002A3C7B0200E3ABAB /* main.m in Sources */,
				51A3C1F62A3C7B0100E3ABAB /* AppDelegate.m in Sources */,
			);
			runOnlyForDeploymentPostprocessing = 0;
		};
		51A3C2022A3C7B0200E3ABAB /* Sources */ = {
			isa = PBXSourcesBuildPhase;
			buildActionMask = 2147483647;
			files = (
				51A3C20B2A3C7B0200E3ABAB /* WKWebViewTests.m in Sources */,
			);
			runOnlyForDeploymentPostprocessing = 0;
		};
		51A3C20C2A3C7B0200E3ABAB /* Sources */ = {
			isa = PBXSourcesBuildPhase;
			buildActionMask = 2147483647;
			files = (
				51A3C2172A3C7B0200E3ABAB /* WKWebViewUITestsLaunchTests.m in Sources */,
				51A3C2152A3C7B0200E3ABAB /* WKWebViewUITests.m in Sources */,
			);
			runOnlyForDeploymentPostprocessing = 0;
		};
/* End PBXSourcesBuildPhase section */

/* Begin PBXTargetDependency section */
		51A3C2082A3C7B0200E3ABAB /* PBXTargetDependency */ = {
			isa = PBXTargetDependency;
			target = 51A3C1F02A3C7B0100E3ABAB /* WKWebView */;
			targetProxy = 51A3C2072A3C7B0200E3ABAB /* PBXContainerItemProxy */;
		};
		51A3C2122A3C7B0200E3ABAB /* PBXTargetDependency */ = {
			isa = PBXTargetDependency;
			target = 51A3C1F02A3C7B0100E3ABAB /* WKWebView */;
			targetProxy = 51A3C2112A3C7B0200E3ABAB /* PBXContainerItemProxy */;
		};
/* End PBXTargetDependency section */

/* Begin PBXVariantGroup section */
		51A3C1FC2A3C7B0200E3ABAB /* Main.storyboard */ = {
			isa = PBXVariantGroup;
			children = (
				51A3C1FD2A3C7B0200E3ABAB /* Base */,
			);
			name = Main.storyboard;
			sourceTree = "<group>";
		};
/* End PBXVariantGroup section */

/* Begin XCBuildConfiguration section */
		51A3C2182A3C7B0200E3ABAB /* Debug */ = {
			isa = XCBuildConfiguration;
			buildSettings = {
				ALWAYS_SEARCH_USER_PATHS = NO;
				CLANG_ANALYZER_NONNULL = YES;
				CLANG_ANALYZER_NUMBER_OBJECT_CONVERSION = YES_AGGRESSIVE;
				CLANG_CXX_LANGUAGE_STANDARD = "gnu++20";
				CLANG_ENABLE_MODULES = YES;
				CLANG_ENABLE_OBJC_ARC = YES;
				CLANG_ENABLE_OBJC_WEAK = YES;
				CLANG_WARN_BLOCK_CAPTURE_AUTORELEASING = YES;
				CLANG_WARN_BOOL_CONVERSION = YES;
				CLANG_WARN_COMMA = YES;
				CLANG_WARN_CONSTANT_CONVERSION = YES;
				CLANG_WARN_DEPRECATED_OBJC_IMPLEMENTATIONS = YES;
				CLANG_WARN_DIRECT_OBJC_ISA_USAGE = YES_ERROR;
				CLANG_WARN_DOCUMENTATION_COMMENTS = YES;
				CLANG_WARN_EMPTY_BODY = YES;
				CLANG_WARN_ENUM_CONVERSION = YES;
				CLANG_WARN_INFINITE_RECURSION = YES;
				CLANG_WARN_INT_CONVERSION = YES;
				CLANG_WARN_NON_LITERAL_NULL_CONVERSION = YES;
				CLANG_WARN_OBJC_IMPLICIT_RETAIN_SELF = YES;
				CLANG_WARN_OBJC_LITERAL_CONVERSION = YES;
				CLANG_WARN_OBJC_ROOT_CLASS = YES_ERROR;
				CLANG_WARN_QUOTED_INCLUDE_IN_FRAMEWORK_HEADER = YES;
				CLANG_WARN_RANGE_LOOP_ANALYSIS = YES;
				CLANG_WARN_STRICT_PROTOTYPES = YES;
				CLANG_WARN_SUSPICIOUS_MOVE = YES;
				CLANG_WARN_UNGUARDED_AVAILABILITY = YES_AGGRESSIVE;
				CLANG_WARN_UNREACHABLE_CODE = YES;
				CLANG_WARN__DUPLICATE_METHOD_MATCH = YES;
				COPY_PHASE_STRIP = NO;
				DEBUG_INFORMATION_FORMAT = dwarf;
				ENABLE_STRICT_OBJC_MSGSEND = YES;
				ENABLE_TESTABILITY = YES;
				GCC_C_LANGUAGE_STANDARD = gnu11;
				GCC_DYNAMIC_NO_PIC = NO;
				GCC_NO_COMMON_BLOCKS = YES;
				GCC_OPTIMIZATION_LEVEL = 0;
				GCC_PREPROCESSOR_DEFINITIONS = (
					"DEBUG=1",
					"$(inherited)",
				);
				GCC_WARN_64_TO_32_BIT_CONVERSION = YES;
				GCC_WARN_ABOUT_RETURN_TYPE = YES_ERROR;
				GCC_WARN_UNDECLARED_SELECTOR = YES;
				GCC_WARN_UNINITIALIZED_AUTOS = YES_AGGRESSIVE;
				GCC_WARN_UNUSED_FUNCTION = YES;
				GCC_WARN_UNUSED_VARIABLE = YES;
				MACOSX_DEPLOYMENT_TARGET = 13.0;
				MTL_ENABLE_DEBUG_INFO = INCLUDE_SOURCE;
				MTL_FAST_MATH = YES;
				ONLY_ACTIVE_ARCH = YES;
				SDKROOT = macosx;
			};
			name = Debug;
		};
		51A3C2192A3C7B0200E3ABAB /* Release */ = {
			isa = XCBuildConfiguration;
			buildSettings = {
				ALWAYS_SEARCH_USER_PATHS = NO;
				CLANG_ANALYZER_NONNULL = YES;
				CLANG_ANALYZER_NUMBER_OBJECT_CONVERSION = YES_AGGRESSIVE;
				CLANG_CXX_LANGUAGE_STANDARD = "gnu++20";
				CLANG_ENABLE_MODULES = YES;
				CLANG_ENABLE_OBJC_ARC = YES;
				CLANG_ENABLE_OBJC_WEAK = YES;
				CLANG_WARN_BLOCK_CAPTURE_AUTORELEASING = YES;
				CLANG_WARN_BOOL_CONVERSION = YES;
				CLANG_WARN_COMMA = YES;
				CLANG_WARN_CONSTANT_CONVERSION = YES;
				CLANG_WARN_DEPRECATED_OBJC_IMPLEMENTATIONS = YES;
				CLANG_WARN_DIRECT_OBJC_ISA_USAGE = YES_ERROR;
				CLANG_WARN_DOCUMENTATION_COMMENTS = YES;
				CLANG_WARN_EMPTY_BODY = YES;
				CLANG_WARN_ENUM_CONVERSION = YES;
				CLANG_WARN_INFINITE_RECURSION = YES;
				CLANG_WARN_INT_CONVERSION = YES;
				CLANG_WARN_NON_LITERAL_NULL_CONVERSION = YES;
				CLANG_WARN_OBJC_IMPLICIT_RETAIN_SELF = YES;
				CLANG_WARN_OBJC_LITERAL_CONVERSION = YES;
				CLANG_WARN_OBJC_ROOT_CLASS = YES_ERROR;
				CLANG_WARN_QUOTED_INCLUDE_IN_FRAMEWORK_HEADER = YES;
				CLANG_WARN_RANGE_LOOP_ANALYSIS = YES;
				CLANG_WARN_STRICT_PROTOTYPES = YES;
				CLANG_WARN_SUSPICIOUS_MOVE = YES;
				CLANG_WARN_UNGUARDED_AVAILABILITY = YES_AGGRESSIVE;
				CLANG_WARN_UNREACHABLE_CODE = YES;
				CLANG_WARN__DUPLICATE_METHOD_MATCH = YES;
				COPY_PHASE_STRIP = NO;
				DEBUG_INFORMATION_FORMAT = "dwarf-with-dsym";
				ENABLE_NS_ASSERTIONS = NO;
				ENABLE_STRICT_OBJC_MSGSEND = YES;
				GCC_C_LANGUAGE_STANDARD = gnu11;
				GCC_NO_COMMON_BLOCKS = YES;
				GCC_WARN_64_TO_32_BIT_CONVERSION = YES;
				GCC_WARN_ABOUT_RETURN_TYPE = YES_ERROR;
				GCC_WARN_UNDECLARED_SELECTOR = YES;
				GCC_WARN_UNINITIALIZED_AUTOS = YES_AGGRESSIVE;
				GCC_WARN_UNUSED_FUNCTION = YES;
				GCC_WARN_UNUSED_VARIABLE = YES;
				MACOSX_DEPLOYMENT_TARGET = 13.0;
				MTL_ENABLE_DEBUG_INFO = NO;
				MTL_FAST_MATH = YES;
				SDKROOT = macosx;
			};
			name = Release;
		};
		51A3C21B2A3C7B0200E3ABAB /* Debug */ = {
			isa = XCBuildConfiguration;
			buildSettings = {
				ASSETCATALOG_COMPILER_APPICON_NAME = AppIcon;
				ASSETCATALOG_COMPILER_GLOBAL_ACCENT_COLOR_NAME = AccentColor;
				CODE_SIGN_ENTITLEMENTS = WKWebView/WKWebView.entitlements;
				CODE_SIGN_STYLE = Automatic;
				COMBINE_HIDPI_IMAGES = YES;
				CURRENT_PROJECT_VERSION = 1;
				GENERATE_INFOPLIST_FILE = YES;
				INFOPLIST_KEY_NSHumanReadableCopyright = "";
				INFOPLIST_KEY_NSMainStoryboardFile = Main;
				INFOPLIST_KEY_NSPrincipalClass = NSApplication;
				LD_RUNPATH_SEARCH_PATHS = (
					"$(inherited)",
					"@executable_path/../Frameworks",
				);
				MARKETING_VERSION = 1.0;
				PRODUCT_BUNDLE_IDENTIFIER = com.mobile.WKWebView;
				PRODUCT_NAME = "$(TARGET_NAME)";
				SWIFT_EMIT_LOC_STRINGS = YES;
			};
			name = Debug;
		};
		51A3C21C2A3C7B0200E3ABAB /* Release */ = {
			isa = XCBuildConfiguration;
			buildSettings = {
				ASSETCATALOG_COMPILER_APPICON_NAME = AppIcon;
				ASSETCATALOG_COMPILER_GLOBAL_ACCENT_COLOR_NAME = AccentColor;
				CODE_SIGN_ENTITLEMENTS = WKWebView/WKWebView.entitlements;
				CODE_SIGN_STYLE = Automatic;
				COMBINE_HIDPI_IMAGES = YES;
				CURRENT_PROJECT_VERSION = 1;
				GENERATE_INFOPLIST_FILE = YES;
				INFOPLIST_KEY_NSHumanReadableCopyright = "";
				INFOPLIST_KEY_NSMainStoryboardFile = Main;
				INFOPLIST_KEY_NSPrincipalClass = NSApplication;
				LD_RUNPATH_SEARCH_PATHS = (
					"$(inherited)",
					"@executable_path/../Frameworks",
				);
				MARKETING_VERSION = 1.0;
				PRODUCT_BUNDLE_IDENTIFIER = com.mobile.WKWebView;
				PRODUCT_NAME = "$(TARGET_NAME)";
				SWIFT_EMIT_LOC_STRINGS = YES;
			};
			name = Release;
		};
		51A3C21E2A3C7B0200E3ABAB /* Debug */ = {
			isa = XCBuildConfiguration;
			buildSettings = {
				BUNDLE_LOADER = "$(TEST_HOST)";
				CODE_SIGN_STYLE = Automatic;
				CURRENT_PROJECT_VERSION = 1;
				GENERATE_INFOPLIST_FILE = YES;
				MACOSX_DEPLOYMENT_TARGET = 13.0;
				MARKETING_VERSION = 1.0;
				PRODUCT_BUNDLE_IDENTIFIER = com.mobile.WKWebViewTests;
				PRODUCT_NAME = "$(TARGET_NAME)";
				SWIFT_EMIT_LOC_STRINGS = NO;
				TEST_HOST = "$(BUILT_PRODUCTS_DIR)/WKWebView.app/$(BUNDLE_EXECUTABLE_FOLDER_PATH)/WKWebView";
			};
			name = Debug;
		};
		51A3C21F2A3C7B0200E3ABAB /* Release */ = {
			isa = XCBuildConfiguration;
			buildSettings = {
				BUNDLE_LOADER = "$(TEST_HOST)";
				CODE_SIGN_STYLE = Automatic;
				CURRENT_PROJECT_VERSION = 1;
				GENERATE_INFOPLIST_FILE = YES;
				MACOSX_DEPLOYMENT_TARGET = 13.0;
				MARKETING_VERSION = 1.0;
				PRODUCT_BUNDLE_IDENTIFIER = com.mobile.WKWebViewTests;
				PRODUCT_NAME = "$(TARGET_NAME)";
				SWIFT_EMIT_LOC_STRINGS = NO;
				TEST_HOST = "$(BUILT_PRODUCTS_DIR)/WKWebView.app/$(BUNDLE_EXECUTABLE_FOLDER_PATH)/WKWebView";
			};
			name = Release;
		};
		51A3C2212A3C7B0200E3ABAB /* Debug */ = {
			isa = XCBuildConfiguration;
			buildSettings = {
				CODE_SIGN_STYLE = Automatic;
				CURRENT_PROJECT_VERSION = 1;
				GENERATE_INFOPLIST_FILE = YES;
				MARKETING_VERSION = 1.0;
				PRODUCT_BUNDLE_IDENTIFIER = com.mobile.WKWebViewUITests;
				PRODUCT_NAME = "$(TARGET_NAME)";
				SWIFT_EMIT_LOC_STRINGS = NO;
				TEST_TARGET_NAME = WKWebView;
			};
			name = Debug;
		};
		51A3C2222A3C7B0200E3ABAB /* Release */ = {
			isa = XCBuildConfiguration;
			buildSettings = {
				CODE_SIGN_STYLE = Automatic;
				CURRENT_PROJECT_VERSION = 1;
				GENERATE_INFOPLIST_FILE = YES;
				MARKETING_VERSION = 1.0;
				PRODUCT_BUNDLE_IDENTIFIER = com.mobile.WKWebViewUITests;
				PRODUCT_NAME = "$(TARGET_NAME)";
				SWIFT_EMIT_LOC_STRINGS = NO;
				TEST_TARGET_NAME = WKWebView;
			};
			name = Release;
		};
/* End XCBuildConfiguration section */

/* Begin XCConfigurationList section */
		51A3C1EC2A3C7B0100E3ABAB /* Build configuration list for PBXProject "WKWebView" */ = {
			isa = XCConfigurationList;
			buildConfigurations = (
				51A3C2182A3C7B0200E3ABAB /* Debug */,
				51A3C2192A3C7B0200E3ABAB /* Release */,
			);
			defaultConfigurationIsVisible = 0;
			defaultConfigurationName = Release;
		};
		51A3C21A2A3C7B0200E3ABAB /* Build configuration list for PBXNativeTarget "WKWebView" */ = {
			isa = XCConfigurationList;
			buildConfigurations = (
				51A3C21B2A3C7B0200E3ABAB /* Debug */,
				51A3C21C2A3C7B0200E3ABAB /* Release */,
			);
			defaultConfigurationIsVisible = 0;
			defaultConfigurationName = Release;
		};
		51A3C21D2A3C7B0200E3ABAB /* Build configuration list for PBXNativeTarget "WKWebViewTests" */ = {
			isa = XCConfigurationList;
			buildConfigurations = (
				51A3C21E2A3C7B0200E3ABAB /* Debug */,
				51A3C21F2A3C7B0200E3ABAB /* Release */,
			);
			defaultConfigurationIsVisible = 0;
			defaultConfigurationName = Release;
		};
		51A3C2202A3C7B0200E3ABAB /* Build configuration list for PBXNativeTarget "WKWebViewUITests" */ = {
			isa = XCConfigurationList;
			buildConfigurations = (
				51A3C2212A3C7B0200E3ABAB /* Debug */,
				51A3C2222A3C7B0200E3ABAB /* Release */,
			);
			defaultConfigurationIsVisible = 0;
			defaultConfigurationName = Release;
		};
/* End XCConfigurationList section */
	};
	rootObject = 51A3C1E92A3C7B0100E3ABAB /* Project object */;
}
